hash: 803c7aeb25f2171576a8fbb6f6d5fda044a232fb921cd194eff7a173f66f61ab
updated: 2016-07-29T17:34:18.240378304+02:00
imports:
- name: github.com/Masterminds/semver
  version: 8d0431362b544d1a3536cca26684828866a7de09
- name: github.com/mattn/go-zglob
  version: 2dbd7f37a45e993d5180a251b4bdd314d6333b70
- name: github.com/mh-cbon/stringexec
  version: bc348d279f975052c5169eedf4efb1bc0469453f
- name: github.com/urfave/cli
  version: 1efa31f08b9333f1bd4882d61f9d668a70cd902e
- name: golang.org/x/text
  version: 2910a502d2bf9e43193af9d68ca516529614eed3
  subpackages:
  - encoding/charmap
  - runes
  - transform
  - encoding
  - encoding/internal
  - encoding/internal/identifier
testImports: []
