hash: a83062f5e09bb2232188d700e23af952c593a0aaeeb8d4e744b62596f7bd48ec
updated: 2016-07-23T15:28:09.84168838+02:00
imports:
- name: github.com/Masterminds/semver
  version: 8d0431362b544d1a3536cca26684828866a7de09
- name: github.com/mattn/go-zglob
  version: 2dbd7f37a45e993d5180a251b4bdd314d6333b70
- name: github.com/urfave/cli
  version: 1efa31f08b9333f1bd4882d61f9d668a70cd902e
- name: golang.org/x/text
  version: 0a5a09ee4409a616bfa03115120f0bffacdff508
  subpackages:
  - encoding/charmap
  - runes
  - transform
  - encoding
  - encoding/internal
  - encoding/internal/identifier
testImports: []
